{
  "lockfileVersion": 1,
  "configVersion": 1,
  "workspaces": {
    "": {
      "name": "pitr-production-dashboard",
      "dependencies": {
        "@types/node": "^26.2.0",
        "child_process": "^1.0.2",
        "hono": "^4.0.0",
      },
      "devDependencies": {
        "bun-types": "^1.3.14",
      },
    },
  },
  "packages": {
    "@types/node": ["@types/node@26.2.0", "", { "dependencies": { "undici-types": "~8.3.0" } }, "sha512-5IviulTZeRNp2vAJ514cc/HUlY5nZ9fCbq9DMyC52BrhFZACo3nI0R7qBxhQmo/d27NFe96ur/b7Wwxklda+kg=="],

    "bun-types": ["bun-types@1.3.14", "", { "dependencies": { "@types/node": "*" } }, "sha512-4N0ig0fEomHt5R0KCFWjovxow98rIoRwKolrYdCcknNwMekCXRnWEUvgu5soYV8QXtVsrUD8B95MBOZGPvr6KQ=="],

    "child_process": ["child_process@1.0.2", "", {}, "sha512-Wmza/JzL0SiWz7kl6MhIKT5ceIlnFPJX+lwUGj7Clhy5MMldsSoJR0+uvRzOS5Kv45Mq7t1PoE8TsOA9bzvb6g=="],

    "hono": ["hono@4.13.2", "", {}, "sha512-JydRilDRkYBQMt9qR9U92mXxmbGqsqSn/IKOrh4e7/gEbn+0zSr8igTu0obwJoNGN4sez28DIql7FBHWydoJpA=="],

    "undici-types": ["undici-types@8.3.0", "", {}, "sha512-j375ScV60dom+YkPFIfTLcOiPxkN/buHz5GobjLhixFuANaNs3C9l4GmrWqejgXWJ7BbJcFYpTEUkS1Ge8bpZQ=="],
  }
}
